{
  "name": "hledger-swe-gui",
  "version": "1.0.0",
  "lockfileVersion": 3,
  "requires": true,
  "packages": {
    "": {
      "name": "hledger-swe-gui",
      "version": "1.0.0",
      "license": "ISC",
      "devDependencies": {
        "@biomejs/biome": "2.1.1",
        "@preact/signals-core": "^1.11.0",
        "@reduxjs/toolkit": "^2.8.2",
        "redux": "^5.0.1",
        "rolldown-vite": "^7.0.6",
        "signals-devtool-provider": "^0.5.4",
        "webact": "^0.2.23"
      }
    },
    "node_modules/@biomejs/biome": {
      "version": "2.1.1",
      "resolved": "https://registry.npmjs.org/@biomejs/biome/-/biome-2.1.1.tgz",
      "integrity": "sha512-HFGYkxG714KzG+8tvtXCJ1t1qXQMzgWzfvQaUjxN6UeKv+KvMEuliInnbZLJm6DXFXwqVi6446EGI0sGBLIYng==",
      "dev": true,
      "license": "MIT OR Apache-2.0",
      "bin": {
        "biome": "bin/biome"
      },
      "engines": {
        "node": ">=14.21.3"
      },
      "funding": {
        "type": "opencollective",
        "url": "https://opencollective.com/biome"
      },
      "optionalDependencies": {
        "@biomejs/cli-darwin-arm64": "2.1.1",
        "@biomejs/cli-darwin-x64": "2.1.1",
        "@biomejs/cli-linux-arm64": "2.1.1",
        "@biomejs/cli-linux-arm64-musl": "2.1.1",
        "@biomejs/cli-linux-x64": "2.1.1",
        "@biomejs/cli-linux-x64-musl": "2.1.1",
        "@biomejs/cli-win32-arm64": "2.1.1",
        "@biomejs/cli-win32-x64": "2.1.1"
      }
    },
    "node_modules/@biomejs/cli-darwin-arm64": {
      "version": "2.1.1",
      "resolved": "https://registry.npmjs.org/@biomejs/cli-darwin-arm64/-/cli-darwin-arm64-2.1.1.tgz",
      "integrity": "sha512-2Muinu5ok4tWxq4nu5l19el48cwCY/vzvI7Vjbkf3CYIQkjxZLyj0Ad37Jv2OtlXYaLvv+Sfu1hFeXt/JwRRXQ==",
      "cpu": [
        "arm64"
      ],
      "dev": true,
      "license": "MIT OR Apache-2.0",
      "optional": true,
      "os": [
        "darwin"
      ],
      "engines": {
        "node": ">=14.21.3"
      }
    },
    "node_modules/@biomejs/cli-darwin-x64": {
      "version": "2.1.1",
      "resolved": "https://registry.npmjs.org/@biomejs/cli-darwin-x64/-/cli-darwin-x64-2.1.1.tgz",
      "integrity": "sha512-cC8HM5lrgKQXLAK+6Iz2FrYW5A62pAAX6KAnRlEyLb+Q3+Kr6ur/sSuoIacqlp1yvmjHJqjYfZjPvHWnqxoEIA==",
      "cpu": [
        "x64"
      ],
      "dev": true,
      "license": "MIT OR Apache-2.0",
      "optional": true,
      "os": [
        "darwin"
      ],
      "engines": {
        "node": ">=14.21.3"
      }
    },
    "node_modules/@biomejs/cli-linux-arm64": {
      "version": "2.1.1",
      "resolved": "https://registry.npmjs.org/@biomejs/cli-linux-arm64/-/cli-linux-arm64-2.1.1.tgz",
      "integrity": "sha512-tw4BEbhAUkWPe4WBr6IX04DJo+2jz5qpPzpW/SWvqMjb9QuHY8+J0M23V8EPY/zWU4IG8Ui0XESapR1CB49Q7g==",
      "cpu": [
        "arm64"
      ],
      "dev": true,
      "license": "MIT OR Apache-2.0",
      "optional": true,
      "os": [
        "linux"
      ],
      "engines": {
        "node": ">=14.21.3"
      }
    },
    "node_modules/@biomejs/cli-linux-arm64-musl": {
      "version": "2.1.1",
      "resolved": "https://registry.npmjs.org/@biomejs/cli-linux-arm64-musl/-/cli-linux-arm64-musl-2.1.1.tgz",
      "integrity": "sha512-/7FBLnTswu4jgV9ttI3AMIdDGqVEPIZd8I5u2D4tfCoj8rl9dnjrEQbAIDlWhUXdyWlFSz8JypH3swU9h9P+2A==",
      "cpu": [
        "arm64"
      ],
      "dev": true,
      "license": "MIT OR Apache-2.0",
      "optional": true,
      "os": [
        "linux"
      ],
      "engines": {
        "node": ">=14.21.3"
      }
    },
    "node_modules/@biomejs/cli-linux-x64": {
      "version": "2.1.1",
      "resolved": "https://registry.npmjs.org/@biomejs/cli-linux-x64/-/cli-linux-x64-2.1.1.tgz",
      "integrity": "sha512-3WJ1GKjU7NzZb6RTbwLB59v9cTIlzjbiFLDB0z4376TkDqoNYilJaC37IomCr/aXwuU8QKkrYoHrgpSq5ffJ4Q==",
      "cpu": [
        "x64"
      ],
      "dev": true,
      "license": "MIT OR Apache-2.0",
      "optional": true,
      "os": [
        "linux"
      ],
      "engines": {
        "node": ">=14.21.3"
      }
    },
    "node_modules/@biomejs/cli-linux-x64-musl": {
      "version": "2.1.1",
      "resolved": "https://registry.npmjs.org/@biomejs/cli-linux-x64-musl/-/cli-linux-x64-musl-2.1.1.tgz",
      "integrity": "sha512-kUu+loNI3OCD2c12cUt7M5yaaSjDnGIksZwKnueubX6c/HWUyi/0mPbTBHR49Me3F0KKjWiKM+ZOjsmC+lUt9g==",
      "cpu": [
        "x64"
      ],
      "dev": true,
      "license": "MIT OR Apache-2.0",
      "optional": true,
      "os": [
        "linux"
      ],
      "engines": {
        "node": ">=14.21.3"
      }
    },
    "node_modules/@biomejs/cli-win32-arm64": {
      "version": "2.1.1",
      "resolved": "https://registry.npmjs.org/@biomejs/cli-win32-arm64/-/cli-win32-arm64-2.1.1.tgz",
      "integrity": "sha512-vEHK0v0oW+E6RUWLoxb2isI3rZo57OX9ZNyyGH701fZPj6Il0Rn1f5DMNyCmyflMwTnIQstEbs7n2BxYSqQx4Q==",
      "cpu": [
        "arm64"
      ],
      "dev": true,
      "license": "MIT OR Apache-2.0",
      "optional": true,
      "os": [
        "win32"
      ],
      "engines": {
        "node": ">=14.21.3"
      }
    },
    "node_modules/@biomejs/cli-win32-x64": {
      "version": "2.1.1",
      "resolved": "https://registry.npmjs.org/@biomejs/cli-win32-x64/-/cli-win32-x64-2.1.1.tgz",
      "integrity": "sha512-i2PKdn70kY++KEF/zkQFvQfX1e8SkA8hq4BgC+yE9dZqyLzB/XStY2MvwI3qswlRgnGpgncgqe0QYKVS1blksg==",
      "cpu": [
        "x64"
      ],
      "dev": true,
      "license": "MIT OR Apache-2.0",
      "optional": true,
      "os": [
        "win32"
      ],
      "engines": {
        "node": ">=14.21.3"
      }
    },
    "node_modules/@emnapi/core": {
      "version": "1.4.4",
      "resolved": "https://registry.npmjs.org/@emnapi/core/-/core-1.4.4.tgz",
      "integrity": "sha512-A9CnAbC6ARNMKcIcrQwq6HeHCjpcBZ5wSx4U01WXCqEKlrzB9F9315WDNHkrs2xbx7YjjSxbUYxuN6EQzpcY2g==",
      "dev": true,
      "license": "MIT",
      "optional": true,
      "dependencies": {
        "@emnapi/wasi-threads": "1.0.3",
        "tslib": "^2.4.0"
      }
    },
    "node_modules/@emnapi/runtime": {
      "version": "1.4.4",
      "resolved": "https://registry.npmjs.org/@emnapi/runtime/-/runtime-1.4.4.tgz",
      "integrity": "sha512-hHyapA4A3gPaDCNfiqyZUStTMqIkKRshqPIuDOXv1hcBnD4U3l8cP0T1HMCfGRxQ6V64TGCcoswChANyOAwbQg==",
      "dev": true,
      "license": "MIT",
      "optional": true,
      "dependencies": {
        "tslib": "^2.4.0"
      }
    },
    "node_modules/@emnapi/wasi-threads": {
      "version": "1.0.3",
      "resolved": "https://registry.npmjs.org/@emnapi/wasi-threads/-/wasi-threads-1.0.3.tgz",
      "integrity": "sha512-8K5IFFsQqF9wQNJptGbS6FNKgUTsSRYnTqNCG1vPP8jFdjSv18n2mQfJpkt2Oibo9iBEzcDnDxNwKTzC7svlJw==",
      "dev": true,
      "license": "MIT",
      "optional": true,
      "dependencies": {
        "tslib": "^2.4.0"
      }
    },
    "node_modules/@napi-rs/wasm-runtime": {
      "version": "0.2.11",
      "resolved": "https://registry.npmjs.org/@napi-rs/wasm-runtime/-/wasm-runtime-0.2.11.tgz",
      "integrity": "sha512-9DPkXtvHydrcOsopiYpUgPHpmj0HWZKMUnL2dZqpvC42lsratuBG06V5ipyno0fUek5VlFsNQ+AcFATSrJXgMA==",
      "dev": true,
      "license": "MIT",
      "optional": true,
      "dependencies": {
        "@emnapi/core": "^1.4.3",
        "@emnapi/runtime": "^1.4.3",
        "@tybys/wasm-util": "^0.9.0"
      }
    },
    "node_modules/@oxc-project/runtime": {
      "version": "0.75.0",
      "resolved": "https://registry.npmjs.org/@oxc-project/runtime/-/runtime-0.75.0.tgz",
      "integrity": "sha512-gzRmVI/vorsPmbDXt7GD4Uh2lD3rCOku/1xWPB4Yx48k0EP4TZmzQudWapjN4+7Vv+rgXr0RqCHQadeaMvdBuw==",
      "dev": true,
      "license": "MIT",
      "engines": {
        "node": ">=6.9.0"
      }
    },
    "node_modules/@oxc-project/types": {
      "version": "0.75.1",
      "resolved": "https://registry.npmjs.org/@oxc-project/types/-/types-0.75.1.tgz",
      "integrity": "sha512-7ZJy+51qWpZRvynaQUezeYfjCtaSdiXIWFUZIlOuTSfDXpXqnSl/m1IUPLx6XrOy6s0SFv3CLE14vcZy63bz7g==",
      "dev": true,
      "license": "MIT",
      "funding": {
        "url": "https://github.com/sponsors/Boshen"
      }
    },
    "node_modules/@preact/signals-core": {
      "version": "1.11.0",
      "resolved": "https://registry.npmjs.org/@preact/signals-core/-/signals-core-1.11.0.tgz",
      "integrity": "sha512-jglbibeWHuFRzEWVFY/TT7wB1PppJxmcSfUHcK+2J9vBRtiooMfw6tAPttojNYrrpdGViqAYCbPpmWYlMm+eMQ==",
      "dev": true,
      "license": "MIT",
      "funding": {
        "type": "opencollective",
        "url": "https://opencollective.com/preact"
      }
    },
    "node_modules/@reduxjs/toolkit": {
      "version": "2.8.2",
      "resolved": "https://registry.npmjs.org/@reduxjs/toolkit/-/toolkit-2.8.2.tgz",
      "integrity": "sha512-MYlOhQ0sLdw4ud48FoC5w0dH9VfWQjtCjreKwYTT3l+r427qYC5Y8PihNutepr8XrNaBUDQo9khWUwQxZaqt5A==",
      "dev": true,
      "license": "MIT",
      "dependencies": {
        "@standard-schema/spec": "^1.0.0",
        "@standard-schema/utils": "^0.3.0",
        "immer": "^10.0.3",
        "redux": "^5.0.1",
        "redux-thunk": "^3.1.0",
        "reselect": "^5.1.0"
      },
      "peerDependencies": {
        "react": "^16.9.0 || ^17.0.0 || ^18 || ^19",
        "react-redux": "^7.2.1 || ^8.1.3 || ^9.0.0"
      },
      "peerDependenciesMeta": {
        "react": {
          "optional": true
        },
        "react-redux": {
          "optional": true
        }
      }
    },
    "node_modules/@rolldown/binding-darwin-arm64": {
      "version": "1.0.0-beta.24",
      "resolved": "https://registry.npmjs.org/@rolldown/binding-darwin-arm64/-/binding-darwin-arm64-1.0.0-beta.24.tgz",
      "integrity": "sha512-gE4HGjIioZaMGZupq2zQQdqhlRV2b2qnjFHHkJEW50zVDmiVNWwdHjwvZDPx9JfW5y4GuHgp/zKDLZZbJlQ1/Q==",
      "cpu": [
        "arm64"
      ],
      "dev": true,
      "license": "MIT",
      "optional": true,
      "os": [
        "darwin"
      ]
    },
    "node_modules/@rolldown/binding-darwin-x64": {
      "version": "1.0.0-beta.24",
      "resolved": "https://registry.npmjs.org/@rolldown/binding-darwin-x64/-/binding-darwin-x64-1.0.0-beta.24.tgz",
      "integrity": "sha512-h2HfOtqmjIHIz9WdpKAJ8sBfLNGkrMlwrCfNV2MDDGu0x3YdYBYPE+ozS5PvE53Tp8y6EYn2/thNWJTGWy/N3Q==",
      "cpu": [
        "x64"
      ],
      "dev": true,
      "license": "MIT",
      "optional": true,
      "os": [
        "darwin"
      ]
    },
    "node_modules/@rolldown/binding-freebsd-x64": {
      "version": "1.0.0-beta.24",
      "resolved": "https://registry.npmjs.org/@rolldown/binding-freebsd-x64/-/binding-freebsd-x64-1.0.0-beta.24.tgz",
      "integrity": "sha512-lx3Q2TU2bbY4yDCZ6e+Wiom3VMLFlZmQswx/1CyjFd+Vv3Q+99SZm6CSfNAIZBaWD246yQRRr1Vx+iIoWCdYzQ==",
      "cpu": [
        "x64"
      ],
      "dev": true,
      "license": "MIT",
      "optional": true,
      "os": [
        "freebsd"
      ]
    },
    "node_modules/@rolldown/binding-linux-arm-gnueabihf": {
      "version": "1.0.0-beta.24",
      "resolved": "https://registry.npmjs.org/@rolldown/binding-linux-arm-gnueabihf/-/binding-linux-arm-gnueabihf-1.0.0-beta.24.tgz",
      "integrity": "sha512-PLtsV6uf3uS1/cNF8Wu/kitTpXT2YpOZbN6VJm7oMi5A8o5oO0vh8STCB71O5k2kwQMVycsmxHWFk2ZyEa6aMw==",
      "cpu": [
        "arm"
      ],
      "dev": true,
      "license": "MIT",
      "optional": true,
      "os": [
        "linux"
      ]
    },
    "node_modules/@rolldown/binding-linux-arm64-gnu": {
      "version": "1.0.0-beta.24",
      "resolved": "https://registry.npmjs.org/@rolldown/binding-linux-arm64-gnu/-/binding-linux-arm64-gnu-1.0.0-beta.24.tgz",
      "integrity": "sha512-UxGukDkWnv7uS5R+BPVeJ4FSuwA+lgC62LRsyPPSJhJhKMNGZ2W9sQPIpEtBRlww8t0qR6QBsiD5TGLW98ktGw==",
      "cpu": [
        "arm64"
      ],
      "dev": true,
      "license": "MIT",
      "optional": true,
      "os": [
        "linux"
      ]
    },
    "node_modules/@rolldown/binding-linux-arm64-musl": {
      "version": "1.0.0-beta.24",
      "resolved": "https://registry.npmjs.org/@rolldown/binding-linux-arm64-musl/-/binding-linux-arm64-musl-1.0.0-beta.24.tgz",
      "integrity": "sha512-vB99yGYW9FOQe4lk3MNKa13+vRj+7waZFlRE3Ba/IpEy7RFxZ78ASkPLXkz4+kYYbUvMnRaOfk9RKX2fqYZRUg==",
      "cpu": [
        "arm64"
      ],
      "dev": true,
      "license": "MIT",
      "optional": true,
      "os": [
        "linux"
      ]
    },
    "node_modules/@rolldown/binding-linux-x64-gnu": {
      "version": "1.0.0-beta.24",
      "resolved": "https://registry.npmjs.org/@rolldown/binding-linux-x64-gnu/-/binding-linux-x64-gnu-1.0.0-beta.24.tgz",
      "integrity": "sha512-fAMZBWutuKWHsyvHVsKjFYRXVgTbzBfNmomzPPpog8UtdkHk5Vnb0qVEeZP4hR4TsXnKfzD2EQ98NRqFej5QYA==",
      "cpu": [
        "x64"
      ],
      "dev": true,
      "license": "MIT",
      "optional": true,
      "os": [
        "linux"
      ]
    },
    "node_modules/@rolldown/binding-linux-x64-musl": {
      "version": "1.0.0-beta.24",
      "resolved": "https://registry.npmjs.org/@rolldown/binding-linux-x64-musl/-/binding-linux-x64-musl-1.0.0-beta.24.tgz",
      "integrity": "sha512-0UY/Qo8fAlpolcWOg2ZU7SCUrsCJWifdRMliV9GXlZaBKbMoVNFw0pHGDm9cj/3TWhJu/iB0peZK00dm22LlNw==",
      "cpu": [
        "x64"
      ],
      "dev": true,
      "license": "MIT",
      "optional": true,
      "os": [
        "linux"
      ]
    },
    "node_modules/@rolldown/binding-wasm32-wasi": {
      "version": "1.0.0-beta.24",
      "resolved": "https://registry.npmjs.org/@rolldown/binding-wasm32-wasi/-/binding-wasm32-wasi-1.0.0-beta.24.tgz",
      "integrity": "sha512-7ubbtKCo6FBuAM4q6LoT5dOea7f/zj9OYXgumbwSmA0fw18mN5h8SrFTUjl7h9MpPkOyhi2uY6ss4pb39KXkcw==",
      "cpu": [
        "wasm32"
      ],
      "dev": true,
      "license": "MIT",
      "optional": true,
      "dependencies": {
        "@napi-rs/wasm-runtime": "^0.2.10"
      },
      "engines": {
        "node": ">=14.21.3"
      }
    },
    "node_modules/@rolldown/binding-win32-arm64-msvc": {
      "version": "1.0.0-beta.24",
      "resolved": "https://registry.npmjs.org/@rolldown/binding-win32-arm64-msvc/-/binding-win32-arm64-msvc-1.0.0-beta.24.tgz",
      "integrity": "sha512-S5WKIabtRBJyzu31KnJRlbZRR6FMrTMzYRrNTnIY2hWWXfpcB1PNuHqbo+98ODLpH8knul4Vyf5sCL61okLTjA==",
      "cpu": [
        "arm64"
      ],
      "dev": true,
      "license": "MIT",
      "optional": true,
      "os": [
        "win32"
      ]
    },
    "node_modules/@rolldown/binding-win32-ia32-msvc": {
      "version": "1.0.0-beta.24",
      "resolved": "https://registry.npmjs.org/@rolldown/binding-win32-ia32-msvc/-/binding-win32-ia32-msvc-1.0.0-beta.24.tgz",
      "integrity": "sha512-5EW8mzHoukz3zBn/VAaTapK+i+/ZFbSSP9meDmLSuGnk6La8uLAPc7E+6S3gbJnQ6k8lSC6ipIIeXC4SPdttKQ==",
      "cpu": [
        "ia32"
      ],
      "dev": true,
      "license": "MIT",
      "optional": true,
      "os": [
        "win32"
      ]
    },
    "node_modules/@rolldown/binding-win32-x64-msvc": {
      "version": "1.0.0-beta.24",
      "resolved": "https://registry.npmjs.org/@rolldown/binding-win32-x64-msvc/-/binding-win32-x64-msvc-1.0.0-beta.24.tgz",
      "integrity": "sha512-KpurHt8+B0yTg9gHroC3H/Tf2c9VfjIBsC/wVHTf7GGAe+xkw1+5iYB3Y5iSy3OaMTGq1U3/YEvTqqBdSbDMUg==",
      "cpu": [
        "x64"
      ],
      "dev": true,
      "license": "MIT",
      "optional": true,
      "os": [
        "win32"
      ]
    },
    "node_modules/@rolldown/pluginutils": {
      "version": "1.0.0-beta.24",
      "resolved": "https://registry.npmjs.org/@rolldown/pluginutils/-/pluginutils-1.0.0-beta.24.tgz",
      "integrity": "sha512-NMiim/enJlffMP16IanVj1ajFNEg8SaMEYyxyYfJoEyt5EiFT3HUH/T2GRdeStNWp+/kg5U8DiJqnQBgLQ8uCw==",
      "dev": true,
      "license": "MIT"
    },
    "node_modules/@standard-schema/spec": {
      "version": "1.0.0",
      "resolved": "https://registry.npmjs.org/@standard-schema/spec/-/spec-1.0.0.tgz",
      "integrity": "sha512-m2bOd0f2RT9k8QJx1JN85cZYyH1RqFBdlwtkSlf4tBDYLCiiZnv1fIIwacK6cqwXavOydf0NPToMQgpKq+dVlA==",
      "dev": true,
      "license": "MIT"
    },
    "node_modules/@standard-schema/utils": {
      "version": "0.3.0",
      "resolved": "https://registry.npmjs.org/@standard-schema/utils/-/utils-0.3.0.tgz",
      "integrity": "sha512-e7Mew686owMaPJVNNLs55PUvgz371nKgwsc4vxE49zsODpJEnxgxRo2y/OKrqueavXgZNMDVj3DdHFlaSAeU8g==",
      "dev": true,
      "license": "MIT"
    },
    "node_modules/@tybys/wasm-util": {
      "version": "0.9.0",
      "resolved": "https://registry.npmjs.org/@tybys/wasm-util/-/wasm-util-0.9.0.tgz",
      "integrity": "sha512-6+7nlbMVX/PVDCwaIQ8nTOPveOcFLSt8GcXdx8hD0bt39uWxYT88uXzqTd4fTvqta7oeUJqudepapKNt2DYJFw==",
      "dev": true,
      "license": "MIT",
      "optional": true,
      "dependencies": {
        "tslib": "^2.4.0"
      }
    },
    "node_modules/ansis": {
      "version": "4.1.0",
      "resolved": "https://registry.npmjs.org/ansis/-/ansis-4.1.0.tgz",
      "integrity": "sha512-BGcItUBWSMRgOCe+SVZJ+S7yTRG0eGt9cXAHev72yuGcY23hnLA7Bky5L/xLyPINoSN95geovfBkqoTlNZYa7w==",
      "dev": true,
      "license": "ISC",
      "engines": {
        "node": ">=14"
      }
    },
    "node_modules/construct-style-sheets-polyfill": {
      "version": "2.4.17",
      "resolved": "https://registry.npmjs.org/construct-style-sheets-polyfill/-/construct-style-sheets-polyfill-2.4.17.tgz",
      "integrity": "sha512-rKtZGWWAVFE6HgdBuuui1emic/t8aAKQbePQ7Je6ird8nZYSd3mqqBX9IvFn2CMtnbh7mQTk/vxc9mfaLl7cGQ==",
      "dev": true,
      "license": "MIT"
    },
    "node_modules/detect-libc": {
      "version": "2.0.4",
      "resolved": "https://registry.npmjs.org/detect-libc/-/detect-libc-2.0.4.tgz",
      "integrity": "sha512-3UDv+G9CsCKO1WKMGw9fwq/SWJYbI0c5Y7LU1AXYoDdbhE2AHQ6N6Nb34sG8Fj7T5APy8qXDCKuuIHd1BR0tVA==",
      "dev": true,
      "license": "Apache-2.0",
      "engines": {
        "node": ">=8"
      }
    },
    "node_modules/fdir": {
      "version": "6.4.6",
      "resolved": "https://registry.npmjs.org/fdir/-/fdir-6.4.6.tgz",
      "integrity": "sha512-hiFoqpyZcfNm1yc4u8oWCf9A2c4D3QjCrks3zmoVKVxpQRzmPNar1hUJcBG2RQHvEVGDN+Jm81ZheVLAQMK6+w==",
      "dev": true,
      "license": "MIT",
      "peerDependencies": {
        "picomatch": "^3 || ^4"
      },
      "peerDependenciesMeta": {
        "picomatch": {
          "optional": true
        }
      }
    },
    "node_modules/fsevents": {
      "version": "2.3.3",
      "resolved": "https://registry.npmjs.org/fsevents/-/fsevents-2.3.3.tgz",
      "integrity": "sha512-5xoDfX+fL7faATnagmWPpbFtwh/R77WmMMqqHGS65C3vvB0YHrgF+B1YmZ3441tMj5n63k0212XNoJwzlhffQw==",
      "dev": true,
      "hasInstallScript": true,
      "license": "MIT",
      "optional": true,
      "os": [
        "darwin"
      ],
      "engines": {
        "node": "^8.16.0 || ^10.6.0 || >=11.0.0"
      }
    },
    "node_modules/immer": {
      "version": "10.1.1",
      "resolved": "https://registry.npmjs.org/immer/-/immer-10.1.1.tgz",
      "integrity": "sha512-s2MPrmjovJcoMaHtx6K11Ra7oD05NT97w1IC5zpMkT6Atjr7H8LjaDd81iIxUYpMKSRRNMJE703M1Fhr/TctHw==",
      "dev": true,
      "license": "MIT",
      "funding": {
        "type": "opencollective",
        "url": "https://opencollective.com/immer"
      }
    },
    "node_modules/lightningcss": {
      "version": "1.30.1",
      "resolved": "https://registry.npmjs.org/lightningcss/-/lightningcss-1.30.1.tgz",
      "integrity": "sha512-xi6IyHML+c9+Q3W0S4fCQJOym42pyurFiJUHEcEyHS0CeKzia4yZDEsLlqOFykxOdHpNy0NmvVO31vcSqAxJCg==",
      "dev": true,
      "license": "MPL-2.0",
      "dependencies": {
        "detect-libc": "^2.0.3"
      },
      "engines": {
        "node": ">= 12.0.0"
      },
      "funding": {
        "type": "opencollective",
        "url": "https://opencollective.com/parcel"
      },
      "optionalDependencies": {
        "lightningcss-darwin-arm64": "1.30.1",
        "lightningcss-darwin-x64": "1.30.1",
        "lightningcss-freebsd-x64": "1.30.1",
        "lightningcss-linux-arm-gnueabihf": "1.30.1",
        "lightningcss-linux-arm64-gnu": "1.30.1",
        "lightningcss-linux-arm64-musl": "1.30.1",
        "lightningcss-linux-x64-gnu": "1.30.1",
        "lightningcss-linux-x64-musl": "1.30.1",
        "lightningcss-win32-arm64-msvc": "1.30.1",
        "lightningcss-win32-x64-msvc": "1.30.1"
      }
    },
    "node_modules/lightningcss-darwin-arm64": {
      "version": "1.30.1",
      "resolved": "https://registry.npmjs.org/lightningcss-darwin-arm64/-/lightningcss-darwin-arm64-1.30.1.tgz",
      "integrity": "sha512-c8JK7hyE65X1MHMN+Viq9n11RRC7hgin3HhYKhrMyaXflk5GVplZ60IxyoVtzILeKr+xAJwg6zK6sjTBJ0FKYQ==",
      "cpu": [
        "arm64"
      ],
      "dev": true,
      "license": "MPL-2.0",
      "optional": true,
      "os": [
        "darwin"
      ],
      "engines": {
        "node": ">= 12.0.0"
      },
      "funding": {
        "type": "opencollective",
        "url": "https://opencollective.com/parcel"
      }
    },
    "node_modules/lightningcss-darwin-x64": {
      "version": "1.30.1",
      "resolved": "https://registry.npmjs.org/lightningcss-darwin-x64/-/lightningcss-darwin-x64-1.30.1.tgz",
      "integrity": "sha512-k1EvjakfumAQoTfcXUcHQZhSpLlkAuEkdMBsI/ivWw9hL+7FtilQc0Cy3hrx0AAQrVtQAbMI7YjCgYgvn37PzA==",
      "cpu": [
        "x64"
      ],
      "dev": true,
      "license": "MPL-2.0",
      "optional": true,
      "os": [
        "darwin"
      ],
      "engines": {
        "node": ">= 12.0.0"
      },
      "funding": {
        "type": "opencollective",
        "url": "https://opencollective.com/parcel"
      }
    },
    "node_modules/lightningcss-freebsd-x64": {
      "version": "1.30.1",
      "resolved": "https://registry.npmjs.org/lightningcss-freebsd-x64/-/lightningcss-freebsd-x64-1.30.1.tgz",
      "integrity": "sha512-kmW6UGCGg2PcyUE59K5r0kWfKPAVy4SltVeut+umLCFoJ53RdCUWxcRDzO1eTaxf/7Q2H7LTquFHPL5R+Gjyig==",
      "cpu": [
        "x64"
      ],
      "dev": true,
      "license": "MPL-2.0",
      "optional": true,
      "os": [
        "freebsd"
      ],
      "engines": {
        "node": ">= 12.0.0"
      },
      "funding": {
        "type": "opencollective",
        "url": "https://opencollective.com/parcel"
      }
    },
    "node_modules/lightningcss-linux-arm-gnueabihf": {
      "version": "1.30.1",
      "resolved": "https://registry.npmjs.org/lightningcss-linux-arm-gnueabihf/-/lightningcss-linux-arm-gnueabihf-1.30.1.tgz",
      "integrity": "sha512-MjxUShl1v8pit+6D/zSPq9S9dQ2NPFSQwGvxBCYaBYLPlCWuPh9/t1MRS8iUaR8i+a6w7aps+B4N0S1TYP/R+Q==",
      "cpu": [
        "arm"
      ],
      "dev": true,
      "license": "MPL-2.0",
      "optional": true,
      "os": [
        "linux"
      ],
      "engines": {
        "node": ">= 12.0.0"
      },
      "funding": {
        "type": "opencollective",
        "url": "https://opencollective.com/parcel"
      }
    },
    "node_modules/lightningcss-linux-arm64-gnu": {
      "version": "1.30.1",
      "resolved": "https://registry.npmjs.org/lightningcss-linux-arm64-gnu/-/lightningcss-linux-arm64-gnu-1.30.1.tgz",
      "integrity": "sha512-gB72maP8rmrKsnKYy8XUuXi/4OctJiuQjcuqWNlJQ6jZiWqtPvqFziskH3hnajfvKB27ynbVCucKSm2rkQp4Bw==",
      "cpu": [
        "arm64"
      ],
      "dev": true,
      "license": "MPL-2.0",
      "optional": true,
      "os": [
        "linux"
      ],
      "engines": {
        "node": ">= 12.0.0"
      },
      "funding": {
        "type": "opencollective",
        "url": "https://opencollective.com/parcel"
      }
    },
    "node_modules/lightningcss-linux-arm64-musl": {
      "version": "1.30.1",
      "resolved": "https://registry.npmjs.org/lightningcss-linux-arm64-musl/-/lightningcss-linux-arm64-musl-1.30.1.tgz",
      "integrity": "sha512-jmUQVx4331m6LIX+0wUhBbmMX7TCfjF5FoOH6SD1CttzuYlGNVpA7QnrmLxrsub43ClTINfGSYyHe2HWeLl5CQ==",
      "cpu": [
        "arm64"
      ],
      "dev": true,
      "license": "MPL-2.0",
      "optional": true,
      "os": [
        "linux"
      ],
      "engines": {
        "node": ">= 12.0.0"
      },
      "funding": {
        "type": "opencollective",
        "url": "https://opencollective.com/parcel"
      }
    },
    "node_modules/lightningcss-linux-x64-gnu": {
      "version": "1.30.1",
      "resolved": "https://registry.npmjs.org/lightningcss-linux-x64-gnu/-/lightningcss-linux-x64-gnu-1.30.1.tgz",
      "integrity": "sha512-piWx3z4wN8J8z3+O5kO74+yr6ze/dKmPnI7vLqfSqI8bccaTGY5xiSGVIJBDd5K5BHlvVLpUB3S2YCfelyJ1bw==",
      "cpu": [
        "x64"
      ],
      "dev": true,
      "license": "MPL-2.0",
      "optional": true,
      "os": [
        "linux"
      ],
      "engines": {
        "node": ">= 12.0.0"
      },
      "funding": {
        "type": "opencollective",
        "url": "https://opencollective.com/parcel"
      }
    },
    "node_modules/lightningcss-linux-x64-musl": {
      "version": "1.30.1",
      "resolved": "https://registry.npmjs.org/lightningcss-linux-x64-musl/-/lightningcss-linux-x64-musl-1.30.1.tgz",
      "integrity": "sha512-rRomAK7eIkL+tHY0YPxbc5Dra2gXlI63HL+v1Pdi1a3sC+tJTcFrHX+E86sulgAXeI7rSzDYhPSeHHjqFhqfeQ==",
      "cpu": [
        "x64"
      ],
      "dev": true,
      "license": "MPL-2.0",
      "optional": true,
      "os": [
        "linux"
      ],
      "engines": {
        "node": ">= 12.0.0"
      },
      "funding": {
        "type": "opencollective",
        "url": "https://opencollective.com/parcel"
      }
    },
    "node_modules/lightningcss-win32-arm64-msvc": {
      "version": "1.30.1",
      "resolved": "https://registry.npmjs.org/lightningcss-win32-arm64-msvc/-/lightningcss-win32-arm64-msvc-1.30.1.tgz",
      "integrity": "sha512-mSL4rqPi4iXq5YVqzSsJgMVFENoa4nGTT/GjO2c0Yl9OuQfPsIfncvLrEW6RbbB24WtZ3xP/2CCmI3tNkNV4oA==",
      "cpu": [
        "arm64"
      ],
      "dev": true,
      "license": "MPL-2.0",
      "optional": true,
      "os": [
        "win32"
      ],
      "engines": {
        "node": ">= 12.0.0"
      },
      "funding": {
        "type": "opencollective",
        "url": "https://opencollective.com/parcel"
      }
    },
    "node_modules/lightningcss-win32-x64-msvc": {
      "version": "1.30.1",
      "resolved": "https://registry.npmjs.org/lightningcss-win32-x64-msvc/-/lightningcss-win32-x64-msvc-1.30.1.tgz",
      "integrity": "sha512-PVqXh48wh4T53F/1CCu8PIPCxLzWyCnn/9T5W1Jpmdy5h9Cwd+0YQS6/LwhHXSafuc61/xg9Lv5OrCby6a++jg==",
      "cpu": [
        "x64"
      ],
      "dev": true,
      "license": "MPL-2.0",
      "optional": true,
      "os": [
        "win32"
      ],
      "engines": {
        "node": ">= 12.0.0"
      },
      "funding": {
        "type": "opencollective",
        "url": "https://opencollective.com/parcel"
      }
    },
    "node_modules/nanoid": {
      "version": "3.3.11",
      "resolved": "https://registry.npmjs.org/nanoid/-/nanoid-3.3.11.tgz",
      "integrity": "sha512-N8SpfPUnUp1bK+PMYW8qSWdl9U+wwNWI4QKxOYDy9JAro3WMX7p2OeVRF9v+347pnakNevPmiHhNmZ2HbFA76w==",
      "dev": true,
      "funding": [
        {
          "type": "github",
          "url": "https://github.com/sponsors/ai"
        }
      ],
      "license": "MIT",
      "bin": {
        "nanoid": "bin/nanoid.cjs"
      },
      "engines": {
        "node": "^10 || ^12 || ^13.7 || ^14 || >=15.0.1"
      }
    },
    "node_modules/picocolors": {
      "version": "1.1.1",
      "resolved": "https://registry.npmjs.org/picocolors/-/picocolors-1.1.1.tgz",
      "integrity": "sha512-xceH2snhtb5M9liqDsmEw56le376mTZkEX/jEb/RxNFyegNul7eNslCXP9FDj/Lcu0X8KEyMceP2ntpaHrDEVA==",
      "dev": true,
      "license": "ISC"
    },
    "node_modules/picomatch": {
      "version": "4.0.2",
      "resolved": "https://registry.npmjs.org/picomatch/-/picomatch-4.0.2.tgz",
      "integrity": "sha512-M7BAV6Rlcy5u+m6oPhAPFgJTzAioX/6B0DxyvDlo9l8+T3nLKbrczg2WLUyzd45L8RqfUMyGPzekbMvX2Ldkwg==",
      "dev": true,
      "license": "MIT",
      "engines": {
        "node": ">=12"
      },
      "funding": {
        "url": "https://github.com/sponsors/jonschlinkert"
      }
    },
    "node_modules/postcss": {
      "version": "8.5.6",
      "resolved": "https://registry.npmjs.org/postcss/-/postcss-8.5.6.tgz",
      "integrity": "sha512-3Ybi1tAuwAP9s0r1UQ2J4n5Y0G05bJkpUIO0/bI9MhwmD70S5aTWbXGBwxHrelT+XM1k6dM0pk+SwNkpTRN7Pg==",
      "dev": true,
      "funding": [
        {
          "type": "opencollective",
          "url": "https://opencollective.com/postcss/"
        },
        {
          "type": "tidelift",
          "url": "https://tidelift.com/funding/github/npm/postcss"
        },
        {
          "type": "github",
          "url": "https://github.com/sponsors/ai"
        }
      ],
      "license": "MIT",
      "dependencies": {
        "nanoid": "^3.3.11",
        "picocolors": "^1.1.1",
        "source-map-js": "^1.2.1"
      },
      "engines": {
        "node": "^10 || ^12 || >=14"
      }
    },
    "node_modules/redux": {
      "version": "5.0.1",
      "resolved": "https://registry.npmjs.org/redux/-/redux-5.0.1.tgz",
      "integrity": "sha512-M9/ELqF6fy8FwmkpnF0S3YKOqMyoWJ4+CS5Efg2ct3oY9daQvd/Pc71FpGZsVsbl3Cpb+IIcjBDUnnyBdQbq4w==",
      "dev": true,
      "license": "MIT"
    },
    "node_modules/redux-thunk": {
      "version": "3.1.0",
      "resolved": "https://registry.npmjs.org/redux-thunk/-/redux-thunk-3.1.0.tgz",
      "integrity": "sha512-NW2r5T6ksUKXCabzhL9z+h206HQw/NJkcLm1GPImRQ8IzfXwRGqjVhKJGauHirT0DAuyy6hjdnMZaRoAcy0Klw==",
      "dev": true,
      "license": "MIT",
      "peerDependencies": {
        "redux": "^5.0.0"
      }
    },
    "node_modules/reselect": {
      "version": "5.1.1",
      "resolved": "https://registry.npmjs.org/reselect/-/reselect-5.1.1.tgz",
      "integrity": "sha512-K/BG6eIky/SBpzfHZv/dd+9JBFiS4SWV7FIujVyJRux6e45+73RaUHXLmIR1f7WOMaQ0U1km6qwklRQxpJJY0w==",
      "dev": true,
      "license": "MIT"
    },
    "node_modules/rolldown": {
      "version": "1.0.0-beta.24",
      "resolved": "https://registry.npmjs.org/rolldown/-/rolldown-1.0.0-beta.24.tgz",
      "integrity": "sha512-eDyipoOnoHQ5p6INkJ8g31eKGlqPSCAN9PapyOTw5HET4FYIWALZnSgpMZ67mdn+xT3jAsqGidNnBcIM6EAUhA==",
      "dev": true,
      "license": "MIT",
      "dependencies": {
        "@oxc-project/runtime": "=0.75.1",
        "@oxc-project/types": "=0.75.1",
        "@rolldown/pluginutils": "1.0.0-beta.24",
        "ansis": "^4.0.0"
      },
      "bin": {
        "rolldown": "bin/cli.mjs"
      },
      "optionalDependencies": {
        "@rolldown/binding-darwin-arm64": "1.0.0-beta.24",
        "@rolldown/binding-darwin-x64": "1.0.0-beta.24",
        "@rolldown/binding-freebsd-x64": "1.0.0-beta.24",
        "@rolldown/binding-linux-arm-gnueabihf": "1.0.0-beta.24",
        "@rolldown/binding-linux-arm64-gnu": "1.0.0-beta.24",
        "@rolldown/binding-linux-arm64-musl": "1.0.0-beta.24",
        "@rolldown/binding-linux-x64-gnu": "1.0.0-beta.24",
        "@rolldown/binding-linux-x64-musl": "1.0.0-beta.24",
        "@rolldown/binding-wasm32-wasi": "1.0.0-beta.24",
        "@rolldown/binding-win32-arm64-msvc": "1.0.0-beta.24",
        "@rolldown/binding-win32-ia32-msvc": "1.0.0-beta.24",
        "@rolldown/binding-win32-x64-msvc": "1.0.0-beta.24"
      }
    },
    "node_modules/rolldown-vite": {
      "version": "7.0.6",
      "resolved": "https://registry.npmjs.org/rolldown-vite/-/rolldown-vite-7.0.6.tgz",
      "integrity": "sha512-ovuUlg0rnJzzwuqTS3j25OO2aXu35PgxuzOWAW/+KYc1vd5uV1a4IdmHjkzIKV2bWZ6vYX+k4kDuH/21DgNkNQ==",
      "dev": true,
      "license": "MIT",
      "dependencies": {
        "@oxc-project/runtime": "0.75.0",
        "fdir": "^6.4.6",
        "lightningcss": "^1.30.1",
        "picomatch": "^4.0.2",
        "postcss": "^8.5.6",
        "rolldown": "1.0.0-beta.24",
        "tinyglobby": "^0.2.14"
      },
      "bin": {
        "vite": "bin/vite.js"
      },
      "engines": {
        "node": "^20.19.0 || >=22.12.0"
      },
      "funding": {
        "url": "https://github.com/vitejs/vite?sponsor=1"
      },
      "optionalDependencies": {
        "fsevents": "~2.3.3"
      },
      "peerDependencies": {
        "@types/node": "^20.19.0 || >=22.12.0",
        "esbuild": "^0.25.0",
        "jiti": ">=1.21.0",
        "less": "^4.0.0",
        "sass": "^1.70.0",
        "sass-embedded": "^1.70.0",
        "stylus": ">=0.54.8",
        "sugarss": "^5.0.0",
        "terser": "^5.16.0",
        "tsx": "^4.8.1",
        "yaml": "^2.4.2"
      },
      "peerDependenciesMeta": {
        "@types/node": {
          "optional": true
        },
        "esbuild": {
          "optional": true
        },
        "jiti": {
          "optional": true
        },
        "less": {
          "optional": true
        },
        "sass": {
          "optional": true
        },
        "sass-embedded": {
          "optional": true
        },
        "stylus": {
          "optional": true
        },
        "sugarss": {
          "optional": true
        },
        "terser": {
          "optional": true
        },
        "tsx": {
          "optional": true
        },
        "yaml": {
          "optional": true
        }
      }
    },
    "node_modules/rolldown/node_modules/@oxc-project/runtime": {
      "version": "0.75.1",
      "resolved": "https://registry.npmjs.org/@oxc-project/runtime/-/runtime-0.75.1.tgz",
      "integrity": "sha512-UH07DRi7xXqAsJ/sFbJJg0liIXnapB6P5uADXIiF1s6WQjZzcTIkKHca0s522QVxmijPxVX5ijCYxSr7eSq5CQ==",
      "dev": true,
      "license": "MIT",
      "engines": {
        "node": ">=6.9.0"
      }
    },
    "node_modules/signals-devtool-provider": {
      "version": "0.5.4",
      "resolved": "https://registry.npmjs.org/signals-devtool-provider/-/signals-devtool-provider-0.5.4.tgz",
      "integrity": "sha512-lEbIsp+cMSIlNWBHEN9wvAkxiB7PJ0TwS5jG8bJKcvTUjgY8qJmHlKorsuS25XK4HhZq9A2o2TK3OowHvLsYHA==",
      "dev": true,
      "license": "ISC"
    },
    "node_modules/source-map-js": {
      "version": "1.2.1",
      "resolved": "https://registry.npmjs.org/source-map-js/-/source-map-js-1.2.1.tgz",
      "integrity": "sha512-UXWMKhLOwVKb728IUtQPXxfYU+usdybtUrK/8uGE8CQMvrhOpwvzDBwj0QhSL7MQc7vIsISBG8VQ8+IDQxpfQA==",
      "dev": true,
      "license": "BSD-3-Clause",
      "engines": {
        "node": ">=0.10.0"
      }
    },
    "node_modules/tinyglobby": {
      "version": "0.2.14",
      "resolved": "https://registry.npmjs.org/tinyglobby/-/tinyglobby-0.2.14.tgz",
      "integrity": "sha512-tX5e7OM1HnYr2+a2C/4V0htOcSQcoSTH9KgJnVvNm5zm/cyEWKJ7j7YutsH9CxMdtOkkLFy2AHrMci9IM8IPZQ==",
      "dev": true,
      "license": "MIT",
      "dependencies": {
        "fdir": "^6.4.4",
        "picomatch": "^4.0.2"
      },
      "engines": {
        "node": ">=12.0.0"
      },
      "funding": {
        "url": "https://github.com/sponsors/SuperchupuDev"
      }
    },
    "node_modules/tslib": {
      "version": "2.8.1",
      "resolved": "https://registry.npmjs.org/tslib/-/tslib-2.8.1.tgz",
      "integrity": "sha512-oJFu94HQb+KVduSUQL7wnpmqnfmLsOA/nAh6b6EH0wCEoK0/mPeXU6c3wKDV83MkOuHPRHtSXKKU99IBazS/2w==",
      "dev": true,
      "license": "0BSD",
      "optional": true
    },
    "node_modules/webact": {
      "version": "0.2.23",
      "resolved": "https://registry.npmjs.org/webact/-/webact-0.2.23.tgz",
      "integrity": "sha512-AHxGiM9SWphxeaN8gNULZd4Sm+4mTOPUyW+SceO9aoWRYoxjqxNsBYTyTdCA5BB8m9Yhueel7jzW/h/5e127HA==",
      "dev": true,
      "license": "MIT",
      "dependencies": {
        "construct-style-sheets-polyfill": "^2.3.5"
      }
    }
  }
}
